
Microsoft Visual Studio Solution File, Format Version 12.00
# Visual Studio Version 16
VisualStudioVersion = 16.0.30204.135
MinimumVisualStudioVersion = 10.0.40219.1
Project("{FAE04EC0-301F-11D3-BF4B-00C04F79EFBC}") = "Atividade1", "Atividade1\Atividade1.csproj", "{5404FF5B-A525-41F6-8D29-624DFDB0DA7A}"
EndProject
Project("{FAE04EC0-301F-11D3-BF4B-00C04F79EFBC}") = "Atividade3", "Atividade3\Atividade3.csproj", "{F4A89CFA-DF3A-45B5-989B-794504559BFE}"
EndProject
Global
	GlobalSection(SolutionConfigurationPlatforms) = preSolution
		Debug|Any CPU = Debug|Any CPU
		Release|Any CPU = Release|Any CPU
	EndGlobalSection
	GlobalSection(ProjectConfigurationPlatforms) = postSolution
		{5404FF5B-A525-41F6-8D29-624DFDB0DA7A}.Debug|Any CPU.ActiveCfg = Debug|Any CPU
		{5404FF5B-A525-41F6-8D29-624DFDB0DA7A}.Debug|Any CPU.Build.0 = Debug|Any CPU
		{5404FF5B-A525-41F6-8D29-624DFDB0DA7A}.Release|Any CPU.ActiveCfg = Release|Any CPU
		{5404FF5B-A525-41F6-8D29-624DFDB0DA7A}.Release|Any CPU.Build.0 = Release|Any CPU
		{F4A89CFA-DF3A-45B5-989B-794504559BFE}.Debug|Any CPU.ActiveCfg = Debug|Any CPU
		{F4A89CFA-DF3A-45B5-989B-794504559BFE}.Debug|Any CPU.Build.0 = Debug|Any CPU
		{F4A89CFA-DF3A-45B5-989B-794504559BFE}.Release|Any CPU.ActiveCfg = Release|Any CPU
		{F4A89CFA-DF3A-45B5-989B-794504559BFE}.Release|Any CPU.Build.0 = Release|Any CPU
	EndGlobalSection
	GlobalSection(SolutionProperties) = preSolution
		HideSolutionNode = FALSE
	EndGlobalSection
	GlobalSection(ExtensibilityGlobals) = postSolution
		SolutionGuid = {EDD33CD4-E8E5-402D-BCE9-44FA16CA695E}
	EndGlobalSection
EndGlobal
